# This file is automatically @generated by Cargo.
# It is not intended for manual editing.
[[package]]
name = "libcodegen"
version = "0.1.0"
dependencies = [
 "libparser 0.1.0",
 "libvm 0.1.0",
]

[[package]]
name = "libparser"
version = "0.1.0"

[[package]]
name = "libvm"
version = "0.1.0"

[[package]]
name = "vimib"
version = "0.1.0"
dependencies = [
 "libcodegen 0.1.0",
 "libparser 0.1.0",
 "libvm 0.1.0",
]

